// !$*UTF8*$!
{
	archiveVersion = 1;
	classes = {
	};
	objectVersion = 48;
	objects = {

/* Begin PBXBuildFile section */
		3A53B27E1FF3FE03002C48AF /* AppDelegate.swift in Sources */ = {isa = PBXBuildFile; fileRef = 3A53B27D1FF3FE03002C48AF /* AppDelegate.swift */; };
		3A53B2801FF3FE03002C48AF /* ViewController.swift in Sources */ = {isa = PBXBuildFile; fileRef = 3A53B27F1FF3FE03002C48AF /* ViewController.swift */; };
		3A53B2831FF3FE03002C48AF /* Main.storyboard in Resources */ = {isa = PBXBuildFile; fileRef = 3A53B2811FF3FE03002C48AF /* Main.storyboard */; };
		3A53B2851FF3FE03002C48AF /* Assets.xcassets in Resources */ = {isa = PBXBuildFile; fileRef = 3A53B2841FF3FE03002C48AF /* Assets.xcassets */; };
		3A53B2881FF3FE03002C48AF /* LaunchScreen.storyboard in Resources */ = {isa = PBXBuildFile; fileRef = 3A53B2861FF3FE03002C48AF /* LaunchScreen.storyboard */; };
/* End PBXBuildFile section */

/* Begin PBXFileReference section */
		3A53B27A1FF3FE03002C48AF /* mini-app-ios-with-swift.app */ = {isa = PBXFileReference; explicitFileType = wrapper.application; includeInIndex = 0; path = "mini-app-ios-with-swift.app"; sourceTree = BUILT_PRODUCTS_DIR; };
		3A53B27D1FF3FE03002C48AF /* AppDelegate.swift */ = {isa = PBXFileReference; lastKnownFileType = sourcecode.swift; path = AppDelegate.swift; sourceTree = "<group>"; };
		3A53B27F1FF3FE03002C48AF /* ViewController.swift */ = {isa = PBXFileReference; lastKnownFileType = sourcecode.swift; path = ViewController.swift; sourceTree = "<group>"; };
		3A53B2821FF3FE03002C48AF /* Base */ = {isa = PBXFileReference; lastKnownFileType = file.storyboard; name = Base; path = Base.lproj/Main.storyboard; sourceTree = "<group>"; };
		3A53B2841FF3FE03002C48AF /* Assets.xcassets */ = {isa = PBXFileReference; lastKnownFileType = folder.assetcatalog; path = Assets.xcassets; sourceTree = "<group>"; };
		3A53B2871FF3FE03002C48AF /* Base */ = {isa = PBXFileReference; lastKnownFileType = file.storyboard; name = Base; path = Base.lproj/LaunchScreen.storyboard; sourceTree = "<group>"; };
		3A53B2891FF3FE03002C48AF /* Info.plist */ = {isa = PBXFileReference; lastKnownFileType = text.plist.xml; path = Info.plist; sourceTree = "<group>"; };
/* End PBXFileReference section */

/* Begin PBXFrameworksBuildPhase section */
		3A53B2771FF3FE03002C48AF /* Frameworks */ = {
			isa = PBXFrameworksBuildPhase;
			buildActionMask = 2147483647;
			files = (
			);
			runOnlyForDeploymentPostprocessing = 0;
		};
/* End PBXFrameworksBuildPhase section */

/* Begin PBXGroup section */
		3A53B2711FF3FE03002C48AF = {
			isa = PBXGroup;
			children = (
				3A53B27C1FF3FE03002C48AF /* mini-app-ios-with-swift */,
				3A53B27B1FF3FE03002C48AF /* Products */,
			);
			sourceTree = "<group>";
		};
		3A53B27B1FF3FE03002C48AF /* Products */ = {
			isa = PBXGroup;
			children = (
				3A53B27A1FF3FE03002C48AF /* mini-app-ios-with-swift.app */,
			);
			name = Products;
			sourceTree = "<group>";
		};
		3A53B27C1FF3FE03002C48AF /* mini-app-ios-with-swift */ = {
			isa = PBXGroup;
			children = (
				3A53B27D1FF3FE03002C48AF /* AppDelegate.swift */,
				3A53B27F1FF3FE03002C48AF /* ViewController.swift */,
				3A53B2811FF3FE03002C48AF /* Main.storyboard */,
				3A53B2841FF3FE03002C48AF /* Assets.xcassets */,
				3A53B2861FF3FE03002C48AF /* LaunchScreen.storyboard */,
				3A53B2891FF3FE03002C48AF /* Info.plist */,
			);
			path = "mini-app-ios-with-swift";
			sourceTree = "<group>";
		};
/* End PBXGroup section */

/* Begin PBXNativeTarget section */
		3A53B2791FF3FE03002C48AF /* mini-app-ios-with-swift */ = {
			isa = PBXNativeTarget;
			buildConfigurationList = 3A53B28C1FF3FE03002C48AF /* Build configuration list for PBXNativeTarget "mini-app-ios-with-swift" */;
			buildPhases = (
				3A53B2761FF3FE03002C48AF /* Sources */,
				3A53B2771FF3FE03002C48AF /* Frameworks */,
				3A53B2781FF3FE03002C48AF /* Resources */,
			);
			buildRules = (
			);
			dependencies = (
			);
			name = "mini-app-ios-with-swift";
			productName = "mini-app-ios-with-swift";
			productReference = 3A53B27A1FF3FE03002C48AF /* mini-app-ios-with-swift.app */;
			productType = "com.apple.product-type.application";
		};
/* End PBXNativeTarget section */

/* Begin PBXProject section */
		3A53B2721FF3FE03002C48AF /* Project object */ = {
			isa = PBXProject;
			attributes = {
				LastSwiftUpdateCheck = 0910;
				LastUpgradeCheck = 0910;
				ORGANIZATIONNAME = "pratama setya aji";
				TargetAttributes = {
					3A53B2791FF3FE03002C48AF = {
						CreatedOnToolsVersion = 9.1;
						ProvisioningStyle = Automatic;
					};
				};
			};
			buildConfigurationList = 3A53B2751FF3FE03002C48AF /* Build configuration list for PBXProject "mini-app-ios-with-swift" */;
			compatibilityVersion = "Xcode 8.0";
			developmentRegion = en;
			hasScannedForEncodings = 0;
			knownRegions = (
				en,
				Base,
			);
			mainGroup = 3A53B2711FF3FE03002C48AF;
			productRefGroup = 3A53B27B1FF3FE03002C48AF /* Products */;
			projectDirPath = "";
			projectRoot = "";
			targets = (
				3A53B2791FF3FE03002C48AF /* mini-app-ios-with-swift */,
			);
		};
/* End PBXProject section */

/* Begin PBXResourcesBuildPhase section */
		3A53B2781FF3FE03002C48AF /* Resources */ = {
			isa = PBXResourcesBuildPhase;
			buildActionMask = 2147483647;
			files = (
				3A53B2881FF3FE03002C48AF /* LaunchScreen.storyboard in Resources */,
				3A53B2851FF3FE03002C48AF /* Assets.xcassets in Resources */,
				3A53B2831FF3FE03002C48AF /* Main.storyboard in Resources */,
			);
			runOnlyForDeploymentPostprocessing = 0;
		};
/* End PBXResourcesBuildPhase section */

/* Begin PBXSourcesBuildPhase section */
		3A53B2761FF3FE03002C48AF /* Sources */ = {
			isa = PBXSourcesBuildPhase;
			buildActionMask = 2147483647;
			files = (
				3A53B2801FF3FE03002C48AF /* ViewController.swift in Sources */,
				3A53B27E1FF3FE03002C48AF /* AppDelegate.swift in Sources */,
			);
			runOnlyForDeploymentPostprocessing = 0;
		};
/* End PBXSourcesBuildPhase section */

/* Begin PBXVariantGroup section */
		3A53B2811FF3FE03002C48AF /* Main.storyboard */ = {
			isa = PBXVariantGroup;
			children = (
				3A53B2821FF3FE03002C48AF /* Base */,
			);
			name = Main.storyboard;
			sourceTree = "<group>";
		};
		3A53B2861FF3FE03002C48AF /* LaunchScreen.storyboard */ = {
			isa = PBXVariantGroup;
			children = (
				3A53B2871FF3FE03002C48AF /* Base */,
			);
			name = LaunchScreen.storyboard;
			sourceTree = "<group>";
		};
/* End PBXVariantGroup section */

/* Begin XCBuildConfiguration section */
		3A53B28A1FF3FE03002C48AF /* Debug */ = {
			isa = XCBuildConfiguration;
			buildSettings = {
				ALWAYS_SEARCH_USER_PATHS = NO;
				CLANG_ANALYZER_NONNULL = YES;
				CLANG_ANALYZER_NUMBER_OBJECT_CONVERSION = YES_AGGRESSIVE;
				CLANG_CXX_LANGUAGE_STANDARD = "gnu++14";
				CLANG_CXX_LIBRARY = "libc++";
				CLANG_ENABLE_MODULES = YES;
				CLANG_ENABLE_OBJC_ARC = YES;
				CLANG_WARN_BLOCK_CAPTURE_AUTORELEASING = YES;
				CLANG_WARN_BOOL_CONVERSION = YES;
				CLANG_WARN_COMMA = YES;
				CLANG_WARN_CONSTANT_CONVERSION = YES;
				CLANG_WARN_DIRECT_OBJC_ISA_USAGE = YES_ERROR;
				CLANG_WARN_DOCUMENTATION_COMMENTS = YES;
				CLANG_WARN_EMPTY_BODY = YES;
				CLANG_WARN_ENUM_CONVERSION = YES;
				CLANG_WARN_INFINITE_RECURSION = YES;
				CLANG_WARN_INT_CONVERSION = YES;
				CLANG_WARN_NON_LITERAL_NULL_CONVERSION = YES;
				CLANG_WARN_OBJC_LITERAL_CONVERSION = YES;
				CLANG_WARN_OBJC_ROOT_CLASS = YES_ERROR;
				CLANG_WARN_RANGE_LOOP_ANALYSIS = YES;
				CLANG_WARN_STRICT_PROTOTYPES = YES;
				CLANG_WARN_SUSPICIOUS_MOVE = YES;
				CLANG_WARN_UNGUARDED_AVAILABILITY = YES_AGGRESSIVE;
				CLANG_WARN_UNREACHABLE_CODE = YES;
				CLANG_WARN__DUPLICATE_METHOD_MATCH = YES;
				CODE_SIGN_IDENTITY = "iPhone Developer";
				COPY_PHASE_STRIP = NO;
				DEBUG_INFORMATION_FORMAT = dwarf;
				ENABLE_STRICT_OBJC_MSGSEND = YES;
				ENABLE_TESTABILITY = YES;
				GCC_C_LANGUAGE_STANDARD = gnu11;
				GCC_DYNAMIC_NO_PIC = NO;
				GCC_NO_COMMON_BLOCKS = YES;
				GCC_OPTIMIZATION_LEVEL = 0;
				GCC_PREPROCESSOR_DEFINITIONS = (
					"DEBUG=1",
					"$(inherited)",
				);
				GCC_WARN_64_TO_32_BIT_CONVERSION = YES;
				GCC_WARN_ABOUT_RETURN_TYPE = YES_ERROR;
				GCC_WARN_UNDECLARED_SELECTOR = YES;
				GCC_WARN_UNINITIALIZED_AUTOS = YES_AGGRESSIVE;
				GCC_WARN_UNUSED_FUNCTION = YES;
				GCC_WARN_UNUSED_VARIABLE = YES;
				IPHONEOS_DEPLOYMENT_TARGET = 11.1;
				MTL_ENABLE_DEBUG_INFO = YES;
				ONLY_ACTIVE_ARCH = YES;
				SDKROOT = iphoneos;
				SWIFT_ACTIVE_COMPILATION_CONDITIONS = DEBUG;
				SWIFT_OPTIMIZATION_LEVEL = "-Onone";
			};
			name = Debug;
		};
		3A53B28B1FF3FE03002C48AF /* Release */ = {
			isa = XCBuildConfiguration;
			buildSettings = {
				ALWAYS_SEARCH_USER_PATHS = NO;
				CLANG_ANALYZER_NONNULL = YES;
				CLANG_ANALYZER_NUMBER_OBJECT_CONVERSION = YES_AGGRESSIVE;
				CLANG_CXX_LANGUAGE_STANDARD = "gnu++14";
				CLANG_CXX_LIBRARY = "libc++";
				CLANG_ENABLE_MODULES = YES;
				CLANG_ENABLE_OBJC_ARC = YES;
				CLANG_WARN_BLOCK_CAPTURE_AUTORELEASING = YES;
				CLANG_WARN_BOOL_CONVERSION = YES;
				CLANG_WARN_COMMA = YES;
				CLANG_WARN_CONSTANT_CONVERSION = YES;
				CLANG_WARN_DIRECT_OBJC_ISA_USAGE = YES_ERROR;
				CLANG_WARN_DOCUMENTATION_COMMENTS = YES;
				CLANG_WARN_EMPTY_BODY = YES;
				CLANG_WARN_ENUM_CONVERSION = YES;
				CLANG_WARN_INFINITE_RECURSION = YES;
				CLANG_WARN_INT_CONVERSION = YES;
				CLANG_WARN_NON_LITERAL_NULL_CONVERSION = YES;
				CLANG_WARN_OBJC_LITERAL_CONVERSION = YES;
				CLANG_WARN_OBJC_ROOT_CLASS = YES_ERROR;
				CLANG_WARN_RANGE_LOOP_ANALYSIS = YES;
				CLANG_WARN_STRICT_PROTOTYPES = YES;
				CLANG_WARN_SUSPICIOUS_MOVE = YES;
				CLANG_WARN_UNGUARDED_AVAILABILITY = YES_AGGRESSIVE;
				CLANG_WARN_UNREACHABLE_CODE = YES;
				CLANG_WARN__DUPLICATE_METHOD_MATCH = YES;
				CODE_SIGN_IDENTITY = "iPhone Developer";
				COPY_PHASE_STRIP = NO;
				DEBUG_INFORMATION_FORMAT = "dwarf-with-dsym";
				ENABLE_NS_ASSERTIONS = NO;
				ENABLE_STRICT_OBJC_MSGSEND = YES;
				GCC_C_LANGUAGE_STANDARD = gnu11;
				GCC_NO_COMMON_BLOCKS = YES;
				GCC_WARN_64_TO_32_BIT_CONVERSION = YES;
				GCC_WARN_ABOUT_RETURN_TYPE = YES_ERROR;
				GCC_WARN_UNDECLARED_SELECTOR = YES;
				GCC_WARN_UNINITIALIZED_AUTOS = YES_AGGRESSIVE;
				GCC_WARN_UNUSED_FUNCTION = YES;
				GCC_WARN_UNUSED_VARIABLE = YES;
				IPHONEOS_DEPLOYMENT_TARGET = 11.1;
				MTL_ENABLE_DEBUG_INFO = NO;
				SDKROOT = iphoneos;
				SWIFT_OPTIMIZATION_LEVEL = "-Owholemodule";
				VALIDATE_PRODUCT = YES;
			};
			name = Release;
		};
		3A53B28D1FF3FE03002C48AF /* Debug */ = {
			isa = XCBuildConfiguration;
			buildSettings = {
				ASSETCATALOG_COMPILER_APPICON_NAME = AppIcon;
				CODE_SIGN_STYLE = Automatic;
				DEVELOPMENT_TEAM = HMV2M6PQQP;
				INFOPLIST_FILE = "mini-app-ios-with-swift/Info.plist";
				LD_RUNPATH_SEARCH_PATHS = "$(inherited) @executable_path/Frameworks";
				PRODUCT_BUNDLE_IDENTIFIER = "pratama.mini-app-ios-with-swift";
				PRODUCT_NAME = "$(TARGET_NAME)";
				SWIFT_VERSION = 4.0;
				TARGETED_DEVICE_FAMILY = "1,2";
			};
			name = Debug;
		};
		3A53B28E1FF3FE03002C48AF /* Release */ = {
			isa = XCBuildConfiguration;
			buildSettings = {
				ASSETCATALOG_COMPILER_APPICON_NAME = AppIcon;
				CODE_SIGN_STYLE = Automatic;
				DEVELOPMENT_TEAM = HMV2M6PQQP;
				INFOPLIST_FILE = "mini-app-ios-with-swift/Info.plist";
				LD_RUNPATH_SEARCH_PATHS = "$(inherited) @executable_path/Frameworks";
				PRODUCT_BUNDLE_IDENTIFIER = "pratama.mini-app-ios-with-swift";
				PRODUCT_NAME = "$(TARGET_NAME)";
				SWIFT_VERSION = 4.0;
				TARGETED_DEVICE_FAMILY = "1,2";
			};
			name = Release;
		};
/* End XCBuildConfiguration section */

/* Begin XCConfigurationList section */
		3A53B2751FF3FE03002C48AF /* Build configuration list for PBXProject "mini-app-ios-with-swift" */ = {
			isa = XCConfigurationList;
			buildConfigurations = (
				3A53B28A1FF3FE03002C48AF /* Debug */,
				3A53B28B1FF3FE03002C48AF /* Release */,
			);
			defaultConfigurationIsVisible = 0;
			defaultConfigurationName = Release;
		};
		3A53B28C1FF3FE03002C48AF /* Build configuration list for PBXNativeTarget "mini-app-ios-with-swift" */ = {
			isa = XCConfigurationList;
			buildConfigurations = (
				3A53B28D1FF3FE03002C48AF /* Debug */,
				3A53B28E1FF3FE03002C48AF /* Release */,
			);
			defaultConfigurationIsVisible = 0;
			defaultConfigurationName = Release;
		};
/* End XCConfigurationList section */
	};
	rootObject = 3A53B2721FF3FE03002C48AF /* Project object */;
}
